Microsoft Visual Studio Solution File, Format Version 12.00
# Visual Studio Version 17
VisualStudioVersion = 17.5.2.0
MinimumVisualStudioVersion = 10.0.40219.1
Project("{FAE04EC0-301F-11D3-BF4B-00C04F79EFBC}") = "AutoGambler", "AutoGambler.csproj", "{09099F43-85A7-C25F-7F83-EDDB730FDF80}"
EndProject
Global
	GlobalSection(SolutionConfigurationPlatforms) = preSolution
		Debug|Any CPU = Debug|Any CPU
		Release|Any CPU = Release|Any CPU
	EndGlobalSection
	GlobalSection(ProjectConfigurationPlatforms) = postSolution
		{09099F43-85A7-C25F-7F83-EDDB730FDF80}.Debug|Any CPU.ActiveCfg = Debug|Any CPU
		{09099F43-85A7-C25F-7F83-EDDB730FDF80}.Debug|Any CPU.Build.0 = Debug|Any CPU
		{09099F43-85A7-C25F-7F83-EDDB730FDF80}.Release|Any CPU.ActiveCfg = Release|Any CPU
		{09099F43-85A7-C25F-7F83-EDDB730FDF80}.Release|Any CPU.Build.0 = Release|Any CPU
	EndGlobalSection
	GlobalSection(SolutionProperties) = preSolution
		HideSolutionNode = FALSE
	EndGlobalSection
	GlobalSection(ExtensibilityGlobals) = postSolution
		SolutionGuid = {C253FD06-DEAA-49E2-84E7-12D5442A2094}
	EndGlobalSection
EndGlobal
